{
  "name": "refresher-cli",
  "version": "1.0.0",
  "lockfileVersion": 2,
  "requires": true,
  "packages": {
    "": {
      "name": "refresher-cli",
      "version": "1.0.0",
      "license": "MIT",
      "dependencies": {
        "bcrpc": "^0.4.0",
        "bitcoind-rpc": "^0.9.1",
        "commander": "^9.1.0"
      },
      "bin": {
        "refresher-cli": "bin/index.js"
      }
    },
    "node_modules/bcrpc": {
      "version": "0.4.0",
      "resolved": "https://registry.npmjs.org/bcrpc/-/bcrpc-0.4.0.tgz",
      "integrity": "sha512-3a6+ZR1ssnzQDFVUlBPAYYPYHifg/JbVboe2n+VWAOwFTQ3S7LRbyqJEx1IJ0wJSDaKHWymaKL+1jBN3ZMTHhQ=="
    },
    "node_modules/bitcoind-rpc": {
      "version": "0.9.1",
      "resolved": "https://registry.npmjs.org/bitcoind-rpc/-/bitcoind-rpc-0.9.1.tgz",
      "integrity": "sha512-fWjepYe3I6W8pw8WiDUrHAMKZXyRqtm6HfcUaDeLAQLr1KoKcVzqR4xzdJFJgUMBShNmN4GRMg0rLFr6ZKGZ6A=="
    },
    "node_modules/commander": {
      "version": "9.1.0",
      "resolved": "https://registry.npmjs.org/commander/-/commander-9.1.0.tgz",
      "integrity": "sha512-i0/MaqBtdbnJ4XQs4Pmyb+oFQl+q0lsAmokVUH92SlSw4fkeAcG3bVon+Qt7hmtF+u3Het6o4VgrcY3qAoEB6w==",
      "engines": {
        "node": "^12.20.0 || >=14"
      }
    }
  },
  "dependencies": {
    "bcrpc": {
      "version": "0.4.0",
      "resolved": "https://registry.npmjs.org/bcrpc/-/bcrpc-0.4.0.tgz",
      "integrity": "sha512-3a6+ZR1ssnzQDFVUlBPAYYPYHifg/JbVboe2n+VWAOwFTQ3S7LRbyqJEx1IJ0wJSDaKHWymaKL+1jBN3ZMTHhQ=="
    },
    "bitcoind-rpc": {
      "version": "0.9.1",
      "resolved": "https://registry.npmjs.org/bitcoind-rpc/-/bitcoind-rpc-0.9.1.tgz",
      "integrity": "sha512-fWjepYe3I6W8pw8WiDUrHAMKZXyRqtm6HfcUaDeLAQLr1KoKcVzqR4xzdJFJgUMBShNmN4GRMg0rLFr6ZKGZ6A=="
    },
    "commander": {
      "version": "9.1.0",
      "resolved": "https://registry.npmjs.org/commander/-/commander-9.1.0.tgz",
      "integrity": "sha512-i0/MaqBtdbnJ4XQs4Pmyb+oFQl+q0lsAmokVUH92SlSw4fkeAcG3bVon+Qt7hmtF+u3Het6o4VgrcY3qAoEB6w=="
    }
  }
}
